
Microsoft Visual Studio Solution File, Format Version 12.00
# Visual Studio 15
VisualStudioVersion = 15.0.27130.2010
MinimumVisualStudioVersion = 10.0.40219.1
Project("{FAE04EC0-301F-11D3-BF4B-00C04F79EFBC}") = "CoinTosses", "CoinTosses\CoinTosses.csproj", "{177A3D64-64B0-4A88-9AD2-683047495BED}"
EndProject
Project("{FAE04EC0-301F-11D3-BF4B-00C04F79EFBC}") = "Ending Balance", "Ending Balance\Ending Balance\Ending Balance.csproj", "{CE3FCE43-183A-4464-B2F1-5EBCEE4484E3}"
EndProject
Project("{FAE04EC0-301F-11D3-BF4B-00C04F79EFBC}") = "Ending Balance Modified", "Ending Balance Modified\Ending Balance Modified.csproj", "{2D455DDA-C9FE-4894-9235-025729043DED}"
EndProject
Project("{FAE04EC0-301F-11D3-BF4B-00C04F79EFBC}") = "Speed Converter", "Speed Converter\Speed Converter\Speed Converter.csproj", "{9CCC1384-5624-4EC7-9FA2-012ED36C9D39}"
EndProject
Project("{FAE04EC0-301F-11D3-BF4B-00C04F79EFBC}") = "Friend File", "Friend File\Friend File\Friend File.csproj", "{0A14E470-1E23-4436-BE7E-A5E9862E2B9F}"
EndProject
Project("{FAE04EC0-301F-11D3-BF4B-00C04F79EFBC}") = "Friend File Enhanced", "Friend File Enhanced\Friend File Enhanced.csproj", "{2BFB083D-FC74-4F85-832E-8D38B9B8B5E8}"
EndProject
Global
	GlobalSection(SolutionConfigurationPlatforms) = preSolution
		Debug|Any CPU = Debug|Any CPU
		Debug|x86 = Debug|x86
		Release|Any CPU = Release|Any CPU
		Release|x86 = Release|x86
	EndGlobalSection
	GlobalSection(ProjectConfigurationPlatforms) = postSolution
		{177A3D64-64B0-4A88-9AD2-683047495BED}.Debug|Any CPU.ActiveCfg = Debug|Any CPU
		{177A3D64-64B0-4A88-9AD2-683047495BED}.Debug|Any CPU.Build.0 = Debug|Any CPU
		{177A3D64-64B0-4A88-9AD2-683047495BED}.Debug|x86.ActiveCfg = Debug|Any CPU
		{177A3D64-64B0-4A88-9AD2-683047495BED}.Debug|x86.Build.0 = Debug|Any CPU
		{177A3D64-64B0-4A88-9AD2-683047495BED}.Release|Any CPU.ActiveCfg = Release|Any CPU
		{177A3D64-64B0-4A88-9AD2-683047495BED}.Release|Any CPU.Build.0 = Release|Any CPU
		{177A3D64-64B0-4A88-9AD2-683047495BED}.Release|x86.ActiveCfg = Release|Any CPU
		{177A3D64-64B0-4A88-9AD2-683047495BED}.Release|x86.Build.0 = Release|Any CPU
		{CE3FCE43-183A-4464-B2F1-5EBCEE4484E3}.Debug|Any CPU.ActiveCfg = Debug|x86
		{CE3FCE43-183A-4464-B2F1-5EBCEE4484E3}.Debug|x86.ActiveCfg = Debug|x86
		{CE3FCE43-183A-4464-B2F1-5EBCEE4484E3}.Debug|x86.Build.0 = Debug|x86
		{CE3FCE43-183A-4464-B2F1-5EBCEE4484E3}.Release|Any CPU.ActiveCfg = Release|x86
		{CE3FCE43-183A-4464-B2F1-5EBCEE4484E3}.Release|x86.ActiveCfg = Release|x86
		{CE3FCE43-183A-4464-B2F1-5EBCEE4484E3}.Release|x86.Build.0 = Release|x86
		{2D455DDA-C9FE-4894-9235-025729043DED}.Debug|Any CPU.ActiveCfg = Debug|Any CPU
		{2D455DDA-C9FE-4894-9235-025729043DED}.Debug|Any CPU.Build.0 = Debug|Any CPU
		{2D455DDA-C9FE-4894-9235-025729043DED}.Debug|x86.ActiveCfg = Debug|Any CPU
		{2D455DDA-C9FE-4894-9235-025729043DED}.Debug|x86.Build.0 = Debug|Any CPU
		{2D455DDA-C9FE-4894-9235-025729043DED}.Release|Any CPU.ActiveCfg = Release|Any CPU
		{2D455DDA-C9FE-4894-9235-025729043DED}.Release|Any CPU.Build.0 = Release|Any CPU
		{2D455DDA-C9FE-4894-9235-025729043DED}.Release|x86.ActiveCfg = Release|Any CPU
		{2D455DDA-C9FE-4894-9235-025729043DED}.Release|x86.Build.0 = Release|Any CPU
		{9CCC1384-5624-4EC7-9FA2-012ED36C9D39}.Debug|Any CPU.ActiveCfg = Debug|x86
		{9CCC1384-5624-4EC7-9FA2-012ED36C9D39}.Debug|x86.ActiveCfg = Debug|x86
		{9CCC1384-5624-4EC7-9FA2-012ED36C9D39}.Debug|x86.Build.0 = Debug|x86
		{9CCC1384-5624-4EC7-9FA2-012ED36C9D39}.Release|Any CPU.ActiveCfg = Release|x86
		{9CCC1384-5624-4EC7-9FA2-012ED36C9D39}.Release|x86.ActiveCfg = Release|x86
		{9CCC1384-5624-4EC7-9FA2-012ED36C9D39}.Release|x86.Build.0 = Release|x86
		{0A14E470-1E23-4436-BE7E-A5E9862E2B9F}.Debug|Any CPU.ActiveCfg = Debug|x86
		{0A14E470-1E23-4436-BE7E-A5E9862E2B9F}.Debug|x86.ActiveCfg = Debug|x86
		{0A14E470-1E23-4436-BE7E-A5E9862E2B9F}.Debug|x86.Build.0 = Debug|x86
		{0A14E470-1E23-4436-BE7E-A5E9862E2B9F}.Release|Any CPU.ActiveCfg = Release|x86
		{0A14E470-1E23-4436-BE7E-A5E9862E2B9F}.Release|x86.ActiveCfg = Release|x86
		{0A14E470-1E23-4436-BE7E-A5E9862E2B9F}.Release|x86.Build.0 = Release|x86
		{2BFB083D-FC74-4F85-832E-8D38B9B8B5E8}.Debug|Any CPU.ActiveCfg = Debug|Any CPU
		{2BFB083D-FC74-4F85-832E-8D38B9B8B5E8}.Debug|Any CPU.Build.0 = Debug|Any CPU
		{2BFB083D-FC74-4F85-832E-8D38B9B8B5E8}.Debug|x86.ActiveCfg = Debug|Any CPU
		{2BFB083D-FC74-4F85-832E-8D38B9B8B5E8}.Debug|x86.Build.0 = Debug|Any CPU
		{2BFB083D-FC74-4F85-832E-8D38B9B8B5E8}.Release|Any CPU.ActiveCfg = Release|Any CPU
		{2BFB083D-FC74-4F85-832E-8D38B9B8B5E8}.Release|Any CPU.Build.0 = Release|Any CPU
		{2BFB083D-FC74-4F85-832E-8D38B9B8B5E8}.Release|x86.ActiveCfg = Release|Any CPU
		{2BFB083D-FC74-4F85-832E-8D38B9B8B5E8}.Release|x86.Build.0 = Release|Any CPU
	EndGlobalSection
	GlobalSection(SolutionProperties) = preSolution
		HideSolutionNode = FALSE
	EndGlobalSection
	GlobalSection(ExtensibilityGlobals) = postSolution
		SolutionGuid = {A593C61A-CB7E-4077-8B17-D8CB0C90CF53}
	EndGlobalSection
EndGlobal
